{
    "_meta": {
        "hash": {
            "sha256": "ad111a55d7986149f0c42c923dffcf2714c06c259a9b53996d011c71b4b39dca"
        },
        "pipfile-spec": 6,
        "requires": {
            "python_version": "3.6"
        },
        "sources": [
            {
                "name": "pypi",
                "url": "https://pypi.python.org/simple",
                "verify_ssl": true
            }
        ]
    },
    "default": {
        "aiohttp": {
            "hashes": [
                "sha256:0be9782f27f150acc18c20ddb035655625d054ead119eb6e906647eb9a94f6c4",
                "sha256:1b95d53f8dac13898f0a3e4af76f6f36d540fbfaefc4f4c9f43e436fa0e53d22",
                "sha256:1d62305fca4479b7f0a1254a78fa1e57e0440f5e9547a1d47e5f8dece264d414",
                "sha256:294cf24187b8bcf3e9b368f2d67e1a6584b0a27667886612eff02d0cd3be460f",
                "sha256:29cbcdf61b094140a10923ededcda6c961032d44518d64fc832cb602a5ff21e8",
                "sha256:359d3e7dfe9f0f6d8c6105152d6fbc45027992f40bdf971484dbc5e7dc7c456f",
                "sha256:43930d119cae96b1a743c2e542fe93bd8db48d8b0d041933bd0b008a29f286f2",
                "sha256:862c5694a192a18cbcf3553fdff121aa9abe1b4edd65af7953b258211808437d",
                "sha256:92b3aaa2896109be9a477f8a57314a144c9d56c6b7e16183e43e5fcad5e89da8",
                "sha256:9ba1394d3eea2a3e2641e9a93a95b6d8b09478ef1d2ce2845e0ee1511a2937d2",
                "sha256:a00d4115ae2f5dcf678f482e2235d89eea495e883297e5fd19db429aa1e64d43",
                "sha256:a169c6d5173c7f60e70055a2ab71b93c90f2d693164e93502744b82ff7c0e282",
                "sha256:bd2092d2c2cfdd3363e3815d473464b45c79e0794d60e7c4c89c2adc12ef64b4",
                "sha256:d51800bdc01d9c1c70fa3ed394a1755f93464354b04039b41d48ce1308517e81",
                "sha256:defc2afb61b9fd08b2d07e536a1497a50925f1078e598ebc7eba080d33cdd5f6"
            ],
            "index": "pypi",
            "version": "==3.2.1"
        },
        "asgiref": {
            "hashes": [
                "sha256:9b05dcd41a6a89ca8c6e7f7e4089c3f3e76b5af60aebb81ae6d455ad81989c97",
                "sha256:b21dc4c43d7aba5a844f4c48b8f49d56277bc34937fd9f9cb93ec97fde7e3082"
            ],
            "version": "==2.3.2"
        },
        "async-timeout": {
            "hashes": [
                "sha256:474d4bc64cee20603e225eb1ece15e248962958b45a3648a9f5cc29e827a610c",
                "sha256:b3c0ddc416736619bd4a95ca31de8da6920c3b9a140c64dbef2b2fa7bf521287"
            ],
            "version": "==3.0.0"
        },
        "attrs": {
            "hashes": [
                "sha256:4b90b09eeeb9b88c35bc642cbac057e45a5fd85367b985bd2809c62b7b939265",
                "sha256:e0d0eb91441a3b53dab4d9b743eafc1ac44476296a2053b6ca3af0b139faf87b"
            ],
            "version": "==18.1.0"
        },
        "autobahn": {
            "hashes": [
                "sha256:2f41bfc512ec482044fa8cfa74182118dedd87e03b3494472d9ff1b5a1e27d24",
                "sha256:83e050f0e0783646dbf6da60fe837f4f825c241080d2b5f080002ae6885b036f"
            ],
            "version": "==18.6.1"
        },
        "automat": {
            "hashes": [
                "sha256:cbd78b83fa2d81fe2a4d23d258e1661dd7493c9a50ee2f1a5b2cac61c1793b0e",
                "sha256:fdccab66b68498af9ecfa1fa43693abe546014dd25cf28543cbe9d1334916a58"
            ],
            "version": "==0.7.0"
        },
        "beautifulsoup4": {
            "hashes": [
                "sha256:11a9a27b7d3bddc6d86f59fb76afb70e921a25ac2d6cc55b40d072bd68435a76",
                "sha256:7015e76bf32f1f574636c4288399a6de66ce08fb7b2457f628a8d70c0fbabb11",
                "sha256:808b6ac932dccb0a4126558f7dfdcf41710dd44a4ef497a0bb59a77f9f078e89"
            ],
            "index": "pypi",
            "version": "==4.6.0"
        },
        "certifi": {
            "hashes": [
                "sha256:13e698f54293db9f89122b0581843a782ad0934a4fe0172d2a980ba77fc61bb7",
                "sha256:9fa520c1bacfb634fa7af20a76bcbd3d5fb390481724c597da32c719a7dca4b0"
            ],
            "version": "==2018.4.16"
        },
        "channels": {
            "hashes": [
                "sha256:8f326d24c72539619261333d1551359432fddc043df758fb392c037c0158b7e9",
                "sha256:a3a454d6efe5b724e7c73b4d73ef743802dd011729b831e4afa867126f864299"
            ],
            "index": "pypi",
            "version": "==2.1.1"
        },
        "chardet": {
            "hashes": [
                "sha256:84ab92ed1c4d4f16916e05906b6b75a6c0fb5db821cc65e70cbd64a3e2a5eaae",
                "sha256:fc323ffcaeaed0e0a02bf4d117757b98aed530d9ed4531e3e15460124c106691"
            ],
            "version": "==3.0.4"
        },
        "constantly": {
            "hashes": [
                "sha256:586372eb92059873e29eba4f9dec8381541b4d3834660707faf8ba59146dfc35",
                "sha256:dd2fa9d6b1a51a83f0d7dd76293d734046aa176e384bf6e33b7e44880eb37c5d"
            ],
            "version": "==15.1.0"
        },
        "daphne": {
            "hashes": [
                "sha256:5b28ce1c5bf44ec3c13109bb8783e39e3e90d7384fd3dad4bb773425dd439d84",
                "sha256:ea058f94b0e9fedf6fc604f47d192d81313c0f014ebd7c1160487f34187bb266"
            ],
            "version": "==2.2.0"
        },
        "defusedxml": {
            "hashes": [
                "sha256:24d7f2f94f7f3cb6061acb215685e5125fbcdc40a857eff9de22518820b0a4f4",
                "sha256:702a91ade2968a82beb0db1e0766a6a273f33d4616a6ce8cde475d8e09853b20"
            ],
            "version": "==0.5.0"
        },
        "django": {
            "hashes": [
                "sha256:0120b3b60760fb0617848b58aaa9702c0bf963320ed472f0879c5c55ab75b64a",
                "sha256:b6f3b864944276b4fd1d099952112696558f78b77b39188ac92b6c5e80152c30"
            ],
            "index": "pypi",
            "version": "==1.11"
        },
        "django-allauth": {
            "hashes": [
                "sha256:7d9646e3560279d6294ebb4c361fef829708d106da697658cf158bf2ca57b474"
            ],
            "index": "pypi",
            "version": "==0.36.0"
        },
        "django-appconf": {
            "hashes": [
                "sha256:6a4d9aea683b4c224d97ab8ee11ad2d29a37072c0c6c509896dd9857466fb261",
                "sha256:ddab987d14b26731352c01ee69c090a4ebfc9141ed223bef039d79587f22acd9"
            ],
            "version": "==1.0.2"
        },
        "django-polymorphic": {
            "hashes": [
                "sha256:8737b465ebf5fad772b4c52272189c352f5904f468d298584a3469187e3207ad",
                "sha256:8f4e36ada0ec16b98de0b6e53477772fcac3ece89a1da8473ee6aa4e658775a7"
            ],
            "index": "pypi",
            "version": "==1.3"
        },
        "django-user-accounts": {
            "hashes": [
                "sha256:dd03cfe6ca0ec5f1e8140a624b05eaf010918208d3720d1d0dac03e09c3da91b",
                "sha256:e8f0adf2a7134534887457bc656617e4b8111f31f7a657d54e8c43ed4353473d"
            ],
            "index": "pypi",
            "version": "==2.0.3"
        },
        "django-webpack-loader": {
            "hashes": [
                "sha256:075c322d2748779ef8622149dca70a85b2741bf0b95ad78d918e6689812d4c06",
                "sha256:0de4150fca4ac1cf8b4468d82770d43567d38c48fb308694e6d76fb9b5760826"
            ],
            "index": "pypi",
            "version": "==0.4.1"
        },
        "djangorestframework": {
            "hashes": [
                "sha256:110afa12784ceadfb50808882689302d266785b51e3d13286744333ff6d78e60",
                "sha256:f995a35ae22f354d2a9a42ee6d2c059c101f826b1485ed46781677895ad25ee5"
            ],
            "index": "pypi",
            "version": "==3.5.4"
        },
        "fastparquet": {
            "hashes": [
                "sha256:a1826e34cc12436d9aaa4779209a701e606a663433a1f5b2b8d351c14f03e480"
            ],
            "index": "pypi",
            "version": "==0.1.5"
        },
        "formulas": {
            "git": "https://github.com/CJWorkbench/formulas.git"
        },
        "gitdb2": {
            "hashes": [
                "sha256:b60e29d4533e5e25bb50b7678bbc187c8f6bcff1344b4f293b2ba55c85795f09",
                "sha256:cf9a4b68e8c4da8d42e48728c944ff7af2d8c9db303ac1ab32eac37aa4194b0e"
            ],
            "version": "==2.0.3"
        },
        "gitpython": {
            "hashes": [
                "sha256:3826185b11e1fc372e7d31251e9b65e11ccb7c27f82c771d619048bdb5b66c81",
                "sha256:f4380e0aabaa9ce0499d6b6136d89b6ca30e1c8a6839c34b40b3dde8a1f9499d"
            ],
            "index": "pypi",
            "version": "==2.1.3"
        },
        "html5lib": {
            "hashes": [
                "sha256:20b159aa3badc9d5ee8f5c647e5efd02ed2a66ab8d354930bd9ff139fc1dc0a3",
                "sha256:66cb0dcfdbbc4f9c3ba1a63fdb511ffdbd4f513b2b6d81b80cd26ce6b3fb3736"
            ],
            "index": "pypi",
            "version": "==1.0.1"
        },
        "httplib2": {
            "hashes": [
                "sha256:e404d3b7bd86c1bc931906098e7c1305d6a3a6dcef141b8bb1059903abb3ceeb"
            ],
            "index": "pypi",
            "version": "==0.10.3"
        },
        "hyperlink": {
            "hashes": [
                "sha256:98da4218a56b448c7ec7d2655cb339af1f7d751cf541469bb4fc28c4a4245b34",
                "sha256:f01b4ff744f14bc5d0a22a6b9f1525ab7d6312cb0ff967f59414bbac52f0a306"
            ],
            "version": "==18.0.0"
        },
        "idna": {
            "hashes": [
                "sha256:156a6814fb5ac1fc6850fb002e0852d56c0c8d2531923a51032d1b70760e186e",
                "sha256:684a38a6f903c1d71d6d5fac066b58d7768af4de2b832e426ec79c30daa94a16"
            ],
            "version": "==2.7"
        },
        "idna-ssl": {
            "hashes": [
                "sha256:a933e3bb13da54383f9e8f35dc4f9cb9eb9b3b78c6b36f311254d6d0d92c6c7c"
            ],
            "version": "==1.1.0"
        },
        "incremental": {
            "hashes": [
                "sha256:717e12246dddf231a349175f48d74d93e2897244939173b01974ab6661406b9f",
                "sha256:7b751696aaf36eebfab537e458929e194460051ccad279c72b755a167eebd4b3"
            ],
            "version": "==17.5.0"
        },
        "inflection": {
            "hashes": [
                "sha256:18ea7fb7a7d152853386523def08736aa8c32636b047ade55f7578c4edeb16ca"
            ],
            "version": "==0.3.1"
        },
        "jsonpickle": {
            "hashes": [
                "sha256:cc25dc79571d4ad7db59d05ddb7de0d76a8d598cf6136e1dbeaa9361ebcfe749"
            ],
            "index": "pypi",
            "version": "==0.9.5"
        },
        "llvmlite": {
            "hashes": [
                "sha256:11dd5ef3e377d3ef38a482a92f245867bfb963fcc1290b0b07609fcad0a6b4ab",
                "sha256:16e20da2ab35f27b1f0969454f69586818531e2d669569f3d364ee13823e34a2",
                "sha256:1e63f317b8fb3679d3a397920b1e8bade2d5f471f6c60c7e9bf97746f616f79e",
                "sha256:265687c51d56f3b997f55fc4ec7196049b0ae5ff0f8bc9c838f132d89708faa6",
                "sha256:483be15369105ee8592022c5de78ad1c682d715075d1b8b7ad5c70282e79cc5d",
                "sha256:6f45baffe41d85a29025908cd130b1138b948bec13c3b7f224d59fc9a60f8253",
                "sha256:9a601fbe6bd05b3d8c7919342071ee1c3aea270b05a19b80de7be73181e67401",
                "sha256:b939b2a37089f92f6ac71dcffc6cf1cd116581a35274bb47523a830dd518d3bf",
                "sha256:c5c403094493cb74f957b33b264d84dd1cfe69d60d07bbf96e1bd74631fa0596",
                "sha256:c73515eb1fc5950c75247a497f479eca0c53308e111d914c37650ae83e467abe",
                "sha256:cfbc15c487ebea93ed72018435aac074383c5f7025cc7663da1fc15d0e323bf9",
                "sha256:d4c63c4d82516b2f67b026d6b9691947dc76d531f81d70e7a8b9617ad5d477b5",
                "sha256:da0dd46a96f7b0c4b440b7d06960ff8cd196d91e6487385ad41f522d44dc7a73",
                "sha256:de73b827a9889471c1ff2395933ed38a4e1926df8536a175ec83d8e6375cf20d",
                "sha256:e488a350b9c988cd369c633a489055a30a555c44008be7b9e518f62239b3d64c",
                "sha256:f547b562092b32d94afcd4e4f0af3e1f6f1fd785eb3b858da3b8eef792f1993a"
            ],
            "version": "==0.23.2"
        },
        "lxml": {
            "hashes": [
                "sha256:01c45df6d90497c20aa2a07789a41941f9a1029faa30bf725fc7f6d515b1afe9",
                "sha256:0c9fef4f8d444e337df96c54544aeb85b7215b2ed7483bb6c35de97ac99f1bcd",
                "sha256:0e3cd94c95d30ba9ca3cff40e9b2a14e1a10a4fd8131105b86c6b61648f57e4b",
                "sha256:0e7996e9b46b4d8b4ac1c329a00e2d10edcd8380b95d2a676fccabf4c1dd0512",
                "sha256:1858b1933d483ec5727549d3fe166eeb54229fbd6a9d3d7ea26d2c8a28048058",
                "sha256:1b164bba1320b14905dcff77da10d5ce9c411ac4acc4fb4ed9a2a4d10fae38c9",
                "sha256:1b46f37927fa6cd1f3fe34b54f1a23bd5bea1d905657289e08e1297069a1a597",
                "sha256:231047b05907315ae9a9b6925751f9fd2c479cf7b100fff62485a25e382ca0d4",
                "sha256:28f0c6652c1b130f1e576b60532f84b19379485eb8da6185c29bd8c9c9bc97bf",
                "sha256:34d49d0f72dd82b9530322c48b70ac78cca0911275da741c3b1d2f3603c5f295",
                "sha256:3682a17fbf72d56d7e46db2e80ca23850b79c28cfe75dcd9b82f58808f730909",
                "sha256:3cf2830b9a6ad7f6e965fa53a768d4d2372a7856f20ffa6ce43d2fe9c0d34b19",
                "sha256:5b653c9379ce29ce271fbe1010c5396670f018e78b643e21beefbb3dc6d291de",
                "sha256:65a272821d5d8194358d6b46f3ca727fa56a6b63981606eac737c86d27309cdd",
                "sha256:691f2cd97cf026c611df1ea5055755eec7f878f2d4f4330dc8686583de6fc5fd",
                "sha256:6b6379495d3baacf7ed755ac68547c8dff6ce5d37bf370f0b7678888dc1283f9",
                "sha256:75322a531504d4f383264391d89993a42e286da8821ddc5ac315e57305cb84f0",
                "sha256:7f457cbda964257f443bac861d3a36732dcba8183149e7818ee2fb7c86901b94",
                "sha256:7ff1fc76d8804e0f870c343a72007ff587090c218b0f92d8ee784ac2b6eaf5b9",
                "sha256:8523fbde9c2216f3f2b950cb01ebe52e785eaa8a07ffeb456dd3576ca1b4fb9b",
                "sha256:8f37627f16e026523fca326f1b5c9a43534862fede6c3e99c2ba6a776d75c1ab",
                "sha256:a7182ea298cc3555ea56ffbb0748fe0d5e0d81451e2bc16d7f4645cd01b1ca70",
                "sha256:abbd2fb4a5a04c11b5e04eb146659a0cf67bb237dd3d7ca3b9994d3a9f826e55",
                "sha256:accc9f6b77bed0a6f267b4fae120f6008a951193d548cdbe9b61fc98a08b1cf8",
                "sha256:bd88c8ce0d1504fdfd96a35911dd4f3edfb2e560d7cfdb5a3d09aa571ae5fbae",
                "sha256:c557ad647facb3c0027a9d0af58853f905e85a0a2f04dcb73f8e665272fcdc3a",
                "sha256:defabb7fbb99f9f7b3e0b24b286a46855caef4776495211b066e9e6592d12b04",
                "sha256:e2629cdbcad82b83922a3488937632a4983ecc0fed3e5cfbf430d069382eeb9b"
            ],
            "index": "pypi",
            "version": "==4.2.1"
        },
        "multidict": {
            "hashes": [
                "sha256:1a1d76374a1e7fe93acef96b354a03c1d7f83e7512e225a527d283da0d7ba5e0",
                "sha256:1d6e191965505652f194bc4c40270a842922685918a4f45e6936a6b15cc5816d",
                "sha256:295961a6a88f1199e19968e15d9b42f3a191c89ec13034dbc212bf9c394c3c82",
                "sha256:2be5af084de6c3b8e20d6421cb0346378a9c867dcf7c86030d6b0b550f9888e4",
                "sha256:2eb99617c7a0e9f2b90b64bc1fb742611718618572747d6f3d6532b7b78755ab",
                "sha256:4ba654c6b5ad1ae4a4d792abeb695b29ce981bb0f157a41d0fd227b385f2bef0",
                "sha256:5ba766433c30d703f6b2c17eb0b6826c6f898e5f58d89373e235f07764952314",
                "sha256:a59d58ee85b11f337b54933e8d758b2356fcdcc493248e004c9c5e5d11eedbe4",
                "sha256:a6e35d28900cf87bcc11e6ca9e474db0099b78f0be0a41d95bef02d49101b5b2",
                "sha256:b4df7ca9c01018a51e43937eaa41f2f5dce17a6382fda0086403bcb1f5c2cf8e",
                "sha256:bbd5a6bffd3ba8bfe75b16b5e28af15265538e8be011b0b9fddc7d86a453fd4a",
                "sha256:d870f399fcd58a1889e93008762a3b9a27cf7ea512818fc6e689f59495648355",
                "sha256:e9404e2e19e901121c3c5c6cffd5a8ae0d1d67919c970e3b3262231175713068"
            ],
            "version": "==4.3.1"
        },
        "nltk": {
            "hashes": [
                "sha256:fe0eda251be65843be86d7de9abfbf7161732256f742e623b21243ec47bdb718"
            ],
            "index": "pypi",
            "version": "==3.3.0"
        },
        "numba": {
            "hashes": [
                "sha256:1e6f404cdf285283c6c4868f823478db2e557040ed6373fda11785a2dbdb0dd9",
                "sha256:241977f503f2f89cccb63316bfe124a2dd2c1e8217952952688006d162cf56c7",
                "sha256:309c9855b4047610c629d6e1c05ad99057ca0298156891af1c869f12c99d349c",
                "sha256:331e71530254aabc8542b43f8425945783da1512dfede38ec2821c2a5df59f81",
                "sha256:33bc7e53e0335bed80a572642cf63ce9b4ac722eb22e3c50111e0fdec91bfd3f",
                "sha256:48fb76b8dcde868d6426c7c7836b76a0b2b20861547770c27b6307f712c09bc5",
                "sha256:76338ec7da8f2a7cc2106b53a3a321f20e42126149773c06abb62d48ec32f5ce",
                "sha256:8d57f122669a6953cfc78bdc5cab54fc829a966777564a1b35c6d8b17d613207",
                "sha256:9055414925d472b6c2d5257eca6affbc18871cff5c5a48f4b7c22b5c7deb05e4",
                "sha256:915b9c6f6b80b91948eeb3a47ceead1bf72d6c8d55480b48625f17fa4ea13c39",
                "sha256:aff1ef279087a7972cbb320714fbf795ef4ffdd3bf3b2299395345ba1a849152",
                "sha256:bc868296e67a6b62f0ee43bc099a36c967820617b4988425ed4929c66a8c1e23",
                "sha256:c32d0e6388ac637ea4ea3ae1fd86eec6e44d29e2eb51ec12faaf8c2acf97bd86",
                "sha256:da9be07d68bd4bf9e7b751ba8837f204501bce6770ac77a87bb956fc4cb3196b",
                "sha256:de11b8a704a4a43824929cd3cc68c8043c48a161b3f6deecf65bfdaf86d35cb1",
                "sha256:e5f26c2bf846384ce6b41ce281f69b04eb95f9aefcff337181b1e3823279022f"
            ],
            "version": "==0.38.1"
        },
        "numpy": {
            "hashes": [
                "sha256:07379fe0b450f6fd6e5934a9bc015025bb4ce1c8fbed3ca8bef29328b1bc9570",
                "sha256:085afac75bbc97a096744fcfc97a4b321c5a87220286811e85089ae04885acdd",
                "sha256:2d6481c6bdab1c75affc0fc71eb1bd4b3ecef620d06f2f60c3f00521d54be04f",
                "sha256:2df854df882d322d5c23087a4959e145b953dfff2abe1774fec4f639ac2f3160",
                "sha256:381ad13c30cd1d0b2f3da8a0c1a4aa697487e8bb0e9e0cbeb7439776bcb645f8",
                "sha256:385f1ce46e08676505b692bfde918c1e0b350963a15ef52d77691c2cf0f5dbf6",
                "sha256:4130e5ae16c656b7de654dc5e595cfeb85d3a4b0bb0734d19c0dce6dc7ee0e07",
                "sha256:4d278c2261be6423c5e63d8f0ceb1b0c6db3ff83f2906f4b860db6ae99ca1bb5",
                "sha256:51c5dcb51cf88b34b7d04c15f600b07c6ccbb73a089a38af2ab83c02862318da",
                "sha256:589336ba5199c8061239cf446ee2f2f1fcc0c68e8531ee1382b6fc0c66b2d388",
                "sha256:5ae3564cb630e155a650f4f9c054589848e97836bebae5637240a0d8099f817b",
                "sha256:5edf1acc827ed139086af95ce4449b7b664f57a8c29eb755411a634be280d9f2",
                "sha256:6b82b81c6b3b70ed40bc6d0b71222ebfcd6b6c04a6e7945a936e514b9113d5a3",
                "sha256:6c57f973218b776195d0356e556ec932698f3a563e2f640cfca7020086383f50",
                "sha256:758d1091a501fd2d75034e55e7e98bfd1370dc089160845c242db1c760d944d9",
                "sha256:8622db292b766719810e0cb0f62ef6141e15fe32b04e4eb2959888319e59336b",
                "sha256:8b8dcfcd630f1981f0f1e3846fae883376762a0c1b472baa35b145b911683b7b",
                "sha256:91fdd510743ae4df862dbd51a4354519dd9fb8941347526cd9c2194b792b3da9",
                "sha256:97fa8f1dceffab782069b291e38c4c2227f255cdac5f1e3346666931df87373e",
                "sha256:9b705f18b26fb551366ab6347ba9941b62272bf71c6bbcadcd8af94d10535241",
                "sha256:9d69967673ab7b028c2df09cae05ba56bf4e39e3cb04ebe452b6035c3b49848e",
                "sha256:9e1f53afae865cc32459ad211493cf9e2a3651a7295b7a38654ef3d123808996",
                "sha256:a4a433b3a264dbc9aa9c7c241e87c0358a503ea6394f8737df1683c7c9a102ac",
                "sha256:baadc5f770917ada556afb7651a68176559f4dca5f4b2d0947cd15b9fb84fb51",
                "sha256:c725d11990a9243e6ceffe0ab25a07c46c1cc2c5dc55e305717b5afe856c9608",
                "sha256:d696a8c87315a83983fc59dd27efe034292b9e8ad667aeae51a68b4be14690d9",
                "sha256:e1864a4e9f93ddb2dc6b62ccc2ec1f8250ff4ac0d3d7a15c8985dd4e1fbd6418",
                "sha256:e1d18421a7e2ad4a655b76e65d549d4159f8874c18a417464c1d439ee7ccc7cd"
            ],
            "index": "pypi",
            "version": "==1.14.5"
        },
        "oauth2client": {
            "git": "https://github.com/CJWorkbench/oauth2client.git"
        },
        "oauthlib": {
            "hashes": [
                "sha256:ac35665a61c1685c56336bda97d5eefa246f1202618a1d6f34fccb1bdd404162",
                "sha256:d883b36b21a6ad813953803edfa563b1b579d79ca758fe950d1bc9e8b326025b"
            ],
            "version": "==2.1.0"
        },
        "pandas": {
            "hashes": [
                "sha256:211cfdb9f72f26d2ede21c751d27e08fed4434d47fb9bb82ebc8ff753888b8b6",
                "sha256:28fd087514616549a0e3259cd68ac88d7eaed6bd3062017a7f312e27941266bd",
                "sha256:2fb7c63138bd5ead296b18b2cb6abd3a394f7581e5ae052b02b27df8244b03ca",
                "sha256:372435456c349a8d39ff001967b161f6bd29d4c3de145a4cf9b366648defbb1f",
                "sha256:3790a3348ab0f416e58061d21693cb662fbb2f638001b94bf2b2199fedc1b1c2",
                "sha256:437a6e906a6717a9ed2627cf6e7895b63dfaa0172567cbd75a553f55cf78cc17",
                "sha256:50b52af2af2e15f4aeb2fe196da073a8c131fa02e433e105d95ce40016df5690",
                "sha256:720daad75b5d35dd1b446842210c4f3fd447464c9c0884972f3f12b213a9edd1",
                "sha256:b4fb71acbc2709b8f5993cb4b5445d8182864f11c39787e317aae39f21206270",
                "sha256:b704fd73022342cce612996de495a16954311e0c0cf077c1b83d5cf0b9656a60",
                "sha256:cbbecca0c7af6a2160b2d6ba30becc286824a98c61dcc6a41fada664f226424c",
                "sha256:d2a071de755cc8ee7784e1b4c7b9b643d951d35c8adea7d64fe7c57cff9c47a7",
                "sha256:d8154c5c68713a82461aba735832f0b4692be8a45a0a340a303bf90d6f80f36f",
                "sha256:e1b86f7c55467ce1f6c12715f2fd1817f4a909b5c8c39bd4b5d2415ef2b04bd8",
                "sha256:fcc63e8134516e93e16eb4ceac9afaa51f4adc5bf58efddae7cbc562f5b77dd0"
            ],
            "index": "pypi",
            "version": "==0.23.1"
        },
        "psycopg2": {
            "hashes": [
                "sha256:0147e990cef0332e239de711f165b2a5e6feb7c5f8583985d4a3dcac1680a782",
                "sha256:0c68fb507415ce022402244cffe740018c9506367fe2d6323f0b47e2544b6b36",
                "sha256:18c2294c2a0a0df6bb5adfbcae50922b0e75909df8642c9286bf6b867866d181",
                "sha256:26551d8873130b9558628c5f0288bd07b00c3f82f7dbfe0acf3cd7cd45746672",
                "sha256:2a9c4bc78922be9d34a11fc38b75bef122d44f465eaf5f2a44021f7cbda3dfd6",
                "sha256:304304e8efce4077621f9a14cb7e53cdacb4a14ec92f5628204bc4254d4840fb",
                "sha256:32184c60b445ac9eb4a0058d54f7a5dddae6928f94dfa3683157dc5e70321212",
                "sha256:34b7e41d1747b26df3baf5397949cc938261c547f3bce208ffc7826c3897d5ac",
                "sha256:38ff8f65deb947a7499f24ceb5b40db24540027fdf7d927f4d2aab35fbbdd6b0",
                "sha256:3a11a757e61e3eb5dfa334cf0ce86f9fa1919efadbb98af833eaf3bcb90d7e58",
                "sha256:3f64897312a08928e71343fedc2a3812a1c46f03025fe327e5d41e0a7be53ee9",
                "sha256:4004e84c2846badfa1e14ba3cf5b9d7471071c872c1dd6290013c89fa2cc63b1",
                "sha256:4cae3856e9b41a4861ad32fd8a4aabc7669a0b828776bb3ce0ca29333dabf40c",
                "sha256:6b26f9ec7a0c5ca1b3528918caeb3c73bfceaced3fdea59d045c886cc2c43344",
                "sha256:74ee532d6068a1456d5eda254513656c716cdee0a7389c91c094c7ce3500a9c9",
                "sha256:86c9355f5374b008c8479bc00023b295c07d508f7c3b91dbd2e74f8925b1d9c6",
                "sha256:8f57535a377c23a78d5a8bbe929ec6977adb3e137fa42500436c784c60141613",
                "sha256:905764e8d1557e536c9fac35d412a21ad87b558e794104437bf4012a83438ed2",
                "sha256:911af115bb526b3a5d2f50e05096afc05e3867f55f24532b4a70811e63deab57",
                "sha256:9c9fe11f87c44e83620b2273f40338e3c25fdbfd34986dddc77e840e0acd25bc",
                "sha256:9f9de8b5e1b0b648bf4535b721a58eaccf92f747cd8d94380171a36f18553601",
                "sha256:a14bd664f4db452612688e8031fdf74da489cb042d78d49f2bbfcfa97aae135d",
                "sha256:ad0e145952e2e91aa1d80c4b9bd8ba9059f39b3538da7b1133b2ed84eb132ed3",
                "sha256:b4f24faa25232073092d246fc6118c29130c8a5bcc8fd4239edeba20fb12b24a",
                "sha256:ba6f4786262b4999f9cca420827469c88a79e1f65dabf6bb8a300518f7e11472",
                "sha256:bf48be2d01f6e34e5fbd8976f7b66158a83a33b92739acd13fc1934c60b71cfb",
                "sha256:ccd55766033411206d700bcd11e064081f784f256c4d4f6883dca4c3bde21ae2",
                "sha256:d2e98ff1546c632c29f740a938ba6e29d327ef55f3e816dd43c1e4e7d8cd369a",
                "sha256:f04d56f664108af9571d278c0ed942ecef0dd3e072fe21ac8c7497a51bfcdfba",
                "sha256:f1f6d1b0ab40e8d43e294c7a1cc6fe6d47a88225583e581c15e8bfcff04b3863",
                "sha256:f4cc27830081147ebca6eb729329c64b7f8e92e415733aa26705dd9f03303038"
            ],
            "index": "pypi",
            "version": "==2.7.1"
        },
        "pyarrow": {
            "hashes": [
                "sha256:073d9d05f61361565112341cedc9e473b81b9f170a87b9ce3546d47378d2fa49",
                "sha256:140c04ca9e2742df00435ac4856b109f05292fbb7e1f0b944976d0407be58997",
                "sha256:1faac9c21e57a7f92c9a5971f6414fdcf27f9288f0d3ccdf66751c0899e599a8",
                "sha256:3994e41cb98e6bfe3227bab76eee2c683c1a1877479154198f40a770fc71f776",
                "sha256:3a50f5d1f73bd11e3e14bf71ba24188f6604d39eb475b20a1fc34102df6a89e7",
                "sha256:5c72e2c6c3ac249bed6221d0ac6920571c00af24976627ca45ef91a59490eda8",
                "sha256:6256e6c90478734b8f3e6976cd509614df617f3dd216144b3ea13d474c26220d",
                "sha256:c423c577c92a9855d09be7604e79b16598d415e600a0960e8bfacfc816651ef6",
                "sha256:e8cc9f6a545d08b888e7b6b4f21f65d9773ef74abfe3823e458a9bffc6889cdf"
            ],
            "index": "pypi",
            "version": "==0.8.0"
        },
        "pyjwt": {
            "hashes": [
                "sha256:30b1380ff43b55441283cc2b2676b755cca45693ae3097325dea01f3d110628c",
                "sha256:4ee413b357d53fd3fb44704577afac88e72e878716116270d722723d65b42176"
            ],
            "index": "pypi",
            "version": "==1.6.4"
        },
        "python-dateutil": {
            "hashes": [
                "sha256:1adb80e7a782c12e52ef9a8182bebeb73f1d7e24e374397af06fb4956c8dc5c0",
                "sha256:e27001de32f627c22380a688bcc43ce83504a7bc5da472209b4c70f02829f0b8"
            ],
            "version": "==2.7.3"
        },
        "python-http-client": {
            "hashes": [
                "sha256:7e430f4b9dd2b621b0051f6a362f103447ea8e267594c602a5c502a0c694ee38"
            ],
            "version": "==3.1.0"
        },
        "python-intercom": {
            "hashes": [
                "sha256:77df3573228128a0ad1b9fcd469404813248f5864221717e082f959c5a6f28fc"
            ],
            "index": "pypi",
            "version": "==3.1.0"
        },
        "python3-openid": {
            "hashes": [
                "sha256:0086da6b6ef3161cfe50fb1ee5cceaf2cda1700019fda03c2c5c440ca6abe4fa",
                "sha256:628d365d687e12da12d02c6691170f4451db28d6d68d050007e4a40065868502"
            ],
            "version": "==3.1.0"
        },
        "pytz": {
            "hashes": [
                "sha256:a061aa0a9e06881eb8b3b2b43f05b9439d6583c206d0a6c340ff72a7b6669053",
                "sha256:ffb9ef1de172603304d9d2819af6f5ece76f2e85ec10692a524dd876e72bf277"
            ],
            "version": "==2018.5"
        },
        "requests": {
            "hashes": [
                "sha256:63b52e3c866428a224f97cab011de738c36aec0185aa91cfacd418b5d58911d1",
                "sha256:ec22d826a36ed72a7358ff3fe56cbd4ba69dd7a6718ffd450ff0e9df7a47ce6a"
            ],
            "index": "pypi",
            "version": "==2.19.1"
        },
        "requests-oauthlib": {
            "hashes": [
                "sha256:8886bfec5ad7afb391ed5443b1f697c6f4ae98d0e5620839d8b4499c032ada3f",
                "sha256:e21232e2465808c0e892e0e4dbb8c2faafec16ac6dc067dd546e9b466f3deac8",
                "sha256:fe3282f48fb134ee0035712159f5429215459407f6d5484013343031ff1a400d"
            ],
            "index": "pypi",
            "version": "==1.0.0"
        },
        "sendgrid": {
            "hashes": [
                "sha256:9fba62068dd13922004b6a1676e21c6435709aaf7c2b978cdf1206e3d2196c60",
                "sha256:d1af52f8cbb900bf79e28aa08102a503f5e26489c7b9f1d9750758a4b27c84d1"
            ],
            "version": "==3.6.5"
        },
        "sendgrid-django": {
            "hashes": [
                "sha256:a92dbdbcec38992a9caf284f2aef1622a834488f158f66beb6213e28531e6743",
                "sha256:b5054816d0c2984f8711f56c656a28ca0aaa20a698edc5bbc2e67d78a5d15554"
            ],
            "index": "pypi",
            "version": "==4.0.4"
        },
        "six": {
            "hashes": [
                "sha256:70e8a77beed4562e7f14fe23a786b54f6296e34344c23bc42f07b15018ff98e9",
                "sha256:832dc0e10feb1aa2c68dcc57dbb658f1c7e65b9b61af69048abc87a2db00a0eb"
            ],
            "version": "==1.11.0"
        },
        "smmap2": {
            "hashes": [
                "sha256:b78ee0f1f5772d69ff50b1cbdb01b8c6647a8354f02f23b488cf4b2cfc923956",
                "sha256:c7530db63f15f09f8251094b22091298e82bf6c699a6b8344aaaef3f2e1276c3"
            ],
            "version": "==2.0.3"
        },
        "thrift": {
            "hashes": [
                "sha256:7d59ac4fdcb2c58037ebd4a9da5f9a49e3e034bf75b3f26d9fe48ba3d8806e6b"
            ],
            "version": "==0.11.0"
        },
        "tweepy": {
            "hashes": [
                "sha256:12449b5ca16b0be6a3ea68fb41992627227b48bbad8cd7d5912039340d36badc",
                "sha256:f00ccf5f48c30d559ce0b750dfe3b2df6668dc799d8ce276fd90bfaa68845a58"
            ],
            "index": "pypi",
            "version": "==3.5.0"
        },
        "twisted": {
            "hashes": [
                "sha256:3ad1e553c7b66a501abbcf7736620210cc58928730d3e1b905b345fc30043d4b",
                "sha256:a4cc164a781859c74de47f17f0e85f4bce8a3321a9d0892c015c8f80c4158ad9"
            ],
            "version": "==18.4.0"
        },
        "txaio": {
            "hashes": [
                "sha256:4797f9f6a9866fe887c96abc0110a226dd5744c894dc3630870542597ad30853",
                "sha256:c25acd6c2ef7005a0cd50fa2b65deac409be2f3886e2fcd04f99fae827b179e4"
            ],
            "version": "==2.10.0"
        },
        "urllib3": {
            "hashes": [
                "sha256:a68ac5e15e76e7e5dd2b8f94007233e01effe3e50e8daddf69acfd81cb686baf",
                "sha256:b5725a0bd4ba422ab0e66e89e030c806576753ea3ee08554382c14e685d117b5"
            ],
            "version": "==1.23"
        },
        "webencodings": {
            "hashes": [
                "sha256:a0af1213f3c2226497a97e2b3aa01a7e4bee4f403f95be16fc9acd2947514a78",
                "sha256:b36a1c245f2d304965eb4e0a82848379241dc04b865afcc4aab16748587e1923"
            ],
            "version": "==0.5.1"
        },
        "xlrd": {
            "hashes": [
                "sha256:05f55eb39a68f1c3d336de186aeb90c98ea5add722813738d8ae8b97819c5924",
                "sha256:0ff87dd5d50425084f7219cb6f86bb3eb5aa29063f53d50bf270ed007e941069"
            ],
            "index": "pypi",
            "version": "==1.0.0"
        },
        "yarl": {
            "hashes": [
                "sha256:2556b779125621b311844a072e0ed367e8409a18fa12cbd68eb1258d187820f9",
                "sha256:4aec0769f1799a9d4496827292c02a7b1f75c0bab56ab2b60dd94ebb57cbd5ee",
                "sha256:55369d95afaacf2fa6b49c84d18b51f1704a6560c432a0f9a1aeb23f7b971308",
                "sha256:6c098b85442c8fe3303e708bbb775afd0f6b29f77612e8892627bcab4b939357",
                "sha256:9182cd6f93412d32e009020a44d6d170d2093646464a88aeec2aef50592f8c78",
                "sha256:c8cbc21bbfa1dd7d5386d48cc814fe3d35b80f60299cdde9279046f399c3b0d8",
                "sha256:db6f70a4b09cde813a4807843abaaa60f3b15fb4a2a06f9ae9c311472662daa1",
                "sha256:f17495e6fe3d377e3faac68121caef6f974fcb9e046bc075bcff40d8e5cc69a4",
                "sha256:f85900b9cca0c67767bb61b2b9bd53208aaa7373dae633dbe25d179b4bf38aa7"
            ],
            "version": "==1.2.6"
        },
        "zope.interface": {
            "hashes": [
                "sha256:21506674d30c009271fe68a242d330c83b1b9d76d62d03d87e1e9528c61beea6",
                "sha256:3d184aff0756c44fff7de69eb4cd5b5311b6f452d4de28cb08343b3f21993763",
                "sha256:467d364b24cb398f76ad5e90398d71b9325eb4232be9e8a50d6a3b3c7a1c8789",
                "sha256:57c38470d9f57e37afb460c399eb254e7193ac7fb8042bd09bdc001981a9c74c",
                "sha256:9ada83f4384bbb12dedc152bcdd46a3ac9f5f7720d43ac3ce3e8e8b91d733c10",
                "sha256:a1daf9c5120f3cc6f2b5fef8e1d2a3fb7bbbb20ed4bfdc25bc8364bc62dcf54b",
                "sha256:e6b77ae84f2b8502d99a7855fa33334a1eb6159de45626905cb3e454c023f339",
                "sha256:e881ef610ff48aece2f4ee2af03d2db1a146dc7c705561bd6089b2356f61641f",
                "sha256:f41037260deaacb875db250021fe883bf536bf6414a4fd25b25059b02e31b120"
            ],
            "version": "==4.5.0"
        }
    },
    "develop": {
        "aiounittest": {
            "hashes": [
                "sha256:110351d49e748231813da958ab1ef921924720f03ab34db4a0677a7973ebc20d",
                "sha256:226970365eeb4b90c7408091d91e9455acf39d8140125c2e42c49c81c7d2bf64"
            ],
            "index": "pypi",
            "version": "==1.1.0"
        },
        "capybara-py": {
            "hashes": [
                "sha256:68aa7e1c83ded6c017aff222682b0a244724b8faf306499aa42a9c4289d26b89"
            ],
            "index": "pypi",
            "version": "==0.1.4"
        },
        "certifi": {
            "hashes": [
                "sha256:13e698f54293db9f89122b0581843a782ad0934a4fe0172d2a980ba77fc61bb7",
                "sha256:9fa520c1bacfb634fa7af20a76bcbd3d5fb390481724c597da32c719a7dca4b0"
            ],
            "version": "==2018.4.16"
        },
        "chardet": {
            "hashes": [
                "sha256:84ab92ed1c4d4f16916e05906b6b75a6c0fb5db821cc65e70cbd64a3e2a5eaae",
                "sha256:fc323ffcaeaed0e0a02bf4d117757b98aed530d9ed4531e3e15460124c106691"
            ],
            "version": "==3.0.4"
        },
        "cssselect": {
            "hashes": [
                "sha256:066d8bc5229af09617e24b3ca4d52f1f9092d9e061931f4184cd572885c23204",
                "sha256:3b5103e8789da9e936a68d993b70df732d06b8bb9a337a05ed4eb52c17ef7206"
            ],
            "version": "==1.0.3"
        },
        "idna": {
            "hashes": [
                "sha256:156a6814fb5ac1fc6850fb002e0852d56c0c8d2531923a51032d1b70760e186e",
                "sha256:684a38a6f903c1d71d6d5fac066b58d7768af4de2b832e426ec79c30daa94a16"
            ],
            "version": "==2.7"
        },
        "lxml": {
            "hashes": [
                "sha256:01c45df6d90497c20aa2a07789a41941f9a1029faa30bf725fc7f6d515b1afe9",
                "sha256:0c9fef4f8d444e337df96c54544aeb85b7215b2ed7483bb6c35de97ac99f1bcd",
                "sha256:0e3cd94c95d30ba9ca3cff40e9b2a14e1a10a4fd8131105b86c6b61648f57e4b",
                "sha256:0e7996e9b46b4d8b4ac1c329a00e2d10edcd8380b95d2a676fccabf4c1dd0512",
                "sha256:1858b1933d483ec5727549d3fe166eeb54229fbd6a9d3d7ea26d2c8a28048058",
                "sha256:1b164bba1320b14905dcff77da10d5ce9c411ac4acc4fb4ed9a2a4d10fae38c9",
                "sha256:1b46f37927fa6cd1f3fe34b54f1a23bd5bea1d905657289e08e1297069a1a597",
                "sha256:231047b05907315ae9a9b6925751f9fd2c479cf7b100fff62485a25e382ca0d4",
                "sha256:28f0c6652c1b130f1e576b60532f84b19379485eb8da6185c29bd8c9c9bc97bf",
                "sha256:34d49d0f72dd82b9530322c48b70ac78cca0911275da741c3b1d2f3603c5f295",
                "sha256:3682a17fbf72d56d7e46db2e80ca23850b79c28cfe75dcd9b82f58808f730909",
                "sha256:3cf2830b9a6ad7f6e965fa53a768d4d2372a7856f20ffa6ce43d2fe9c0d34b19",
                "sha256:5b653c9379ce29ce271fbe1010c5396670f018e78b643e21beefbb3dc6d291de",
                "sha256:65a272821d5d8194358d6b46f3ca727fa56a6b63981606eac737c86d27309cdd",
                "sha256:691f2cd97cf026c611df1ea5055755eec7f878f2d4f4330dc8686583de6fc5fd",
                "sha256:6b6379495d3baacf7ed755ac68547c8dff6ce5d37bf370f0b7678888dc1283f9",
                "sha256:75322a531504d4f383264391d89993a42e286da8821ddc5ac315e57305cb84f0",
                "sha256:7f457cbda964257f443bac861d3a36732dcba8183149e7818ee2fb7c86901b94",
                "sha256:7ff1fc76d8804e0f870c343a72007ff587090c218b0f92d8ee784ac2b6eaf5b9",
                "sha256:8523fbde9c2216f3f2b950cb01ebe52e785eaa8a07ffeb456dd3576ca1b4fb9b",
                "sha256:8f37627f16e026523fca326f1b5c9a43534862fede6c3e99c2ba6a776d75c1ab",
                "sha256:a7182ea298cc3555ea56ffbb0748fe0d5e0d81451e2bc16d7f4645cd01b1ca70",
                "sha256:abbd2fb4a5a04c11b5e04eb146659a0cf67bb237dd3d7ca3b9994d3a9f826e55",
                "sha256:accc9f6b77bed0a6f267b4fae120f6008a951193d548cdbe9b61fc98a08b1cf8",
                "sha256:bd88c8ce0d1504fdfd96a35911dd4f3edfb2e560d7cfdb5a3d09aa571ae5fbae",
                "sha256:c557ad647facb3c0027a9d0af58853f905e85a0a2f04dcb73f8e665272fcdc3a",
                "sha256:defabb7fbb99f9f7b3e0b24b286a46855caef4776495211b066e9e6592d12b04",
                "sha256:e2629cdbcad82b83922a3488937632a4983ecc0fed3e5cfbf430d069382eeb9b"
            ],
            "index": "pypi",
            "version": "==4.2.1"
        },
        "mock": {
            "hashes": [
                "sha256:5ce3c71c5545b472da17b72268978914d0252980348636840bd34a00b5cc96c1",
                "sha256:b158b6df76edd239b8208d481dc46b6afd45a846b7812ff0ce58971cf5bc8bba"
            ],
            "index": "pypi",
            "version": "==2.0.0"
        },
        "pbr": {
            "hashes": [
                "sha256:4f2b11d95917af76e936811be8361b2b19616e5ef3b55956a429ec7864378e0c",
                "sha256:e0f23b61ec42473723b2fec2f33fb12558ff221ee551962f01dd4de9053c2055"
            ],
            "version": "==4.1.0"
        },
        "requests": {
            "hashes": [
                "sha256:63b52e3c866428a224f97cab011de738c36aec0185aa91cfacd418b5d58911d1",
                "sha256:ec22d826a36ed72a7358ff3fe56cbd4ba69dd7a6718ffd450ff0e9df7a47ce6a"
            ],
            "index": "pypi",
            "version": "==2.19.1"
        },
        "requests-mock": {
            "hashes": [
                "sha256:23edd6f7926aa13b88bf79cb467632ba2dd5a253034e9f41563f60ed305620c7",
                "sha256:bd86970d6c52cc97071f5185aa594de6a997a5ca63b3bb36aceb9bb9db49294b"
            ],
            "index": "pypi",
            "version": "==1.3.0"
        },
        "selenium": {
            "hashes": [
                "sha256:6f4c7727d44034b8d635d7cf1c3377f76efc95e192ed5cfb97e0057fe5a92d44",
                "sha256:f35bb209cab740c195276a323c1b750dbcfdb9f6983e7d6e3abba9cd8838f355"
            ],
            "index": "pypi",
            "version": "==3.13.0"
        },
        "six": {
            "hashes": [
                "sha256:70e8a77beed4562e7f14fe23a786b54f6296e34344c23bc42f07b15018ff98e9",
                "sha256:832dc0e10feb1aa2c68dcc57dbb658f1c7e65b9b61af69048abc87a2db00a0eb"
            ],
            "version": "==1.11.0"
        },
        "urllib3": {
            "hashes": [
                "sha256:a68ac5e15e76e7e5dd2b8f94007233e01effe3e50e8daddf69acfd81cb686baf",
                "sha256:b5725a0bd4ba422ab0e66e89e030c806576753ea3ee08554382c14e685d117b5"
            ],
            "version": "==1.23"
        },
        "xpath-py": {
            "hashes": [
                "sha256:6e111a0be0df610d3fad7acf03f2e5dcaeec1b6d724a708a397f838dc0c463fa"
            ],
            "version": "==0.1.2"
        }
    }
}
